// !$*UTF8*$!
{
	archiveVersion = 1;
	classes = {
	};
	objectVersion = 77;
	objects = {

/* Begin PBXBuildFile section */
		918338A02EA9CD3D00AF1A3B /* CalorieCameraKit in Frameworks */ = {isa = PBXBuildFile; productRef = 9183389F2EA9CD3D00AF1A3B /* CalorieCameraKit */; };
		918338A22EA9CD9000AF1A3B /* CalorieCameraKit in Frameworks */ = {isa = PBXBuildFile; productRef = 918338A12EA9CD9000AF1A3B /* CalorieCameraKit */; };
		91A60B442E7B474E00887127 /* Lottie in Frameworks */ = {isa = PBXBuildFile; productRef = 91A60B432E7B474E00887127 /* Lottie */; };
/* End PBXBuildFile section */

/* Begin PBXContainerItemProxy section */
		91A60B5D2E7B5D9D00887127 /* PBXContainerItemProxy */ = {
			isa = PBXContainerItemProxy;
			containerPortal = 91B09B6B2E796A7100844B9D /* Project object */;
			proxyType = 1;
			remoteGlobalIDString = 91B09B722E796A7100844B9D;
			remoteInfo = HabitPet;
		};
		91B09B822E796A7200844B9D /* PBXContainerItemProxy */ = {
			isa = PBXContainerItemProxy;
			containerPortal = 91B09B6B2E796A7100844B9D /* Project object */;
			proxyType = 1;
			remoteGlobalIDString = 91B09B722E796A7100844B9D;
			remoteInfo = HabitPet;
		};
		91B09B8C2E796A7200844B9D /* PBXContainerItemProxy */ = {
			isa = PBXContainerItemProxy;
			containerPortal = 91B09B6B2E796A7100844B9D /* Project object */;
			proxyType = 1;
			remoteGlobalIDString = 91B09B722E796A7100844B9D;
			remoteInfo = HabitPet;
		};
/* End PBXContainerItemProxy section */

/* Begin PBXFileReference section */
		91A60B592E7B5D9D00887127 /* HabitPet_V0.xctest */ = {isa = PBXFileReference; explicitFileType = wrapper.cfbundle; includeInIndex = 0; path = HabitPet_V0.xctest; sourceTree = BUILT_PRODUCTS_DIR; };
		91B09B732E796A7100844B9D /* HabitPet.app */ = {isa = PBXFileReference; explicitFileType = wrapper.application; includeInIndex = 0; path = HabitPet.app; sourceTree = BUILT_PRODUCTS_DIR; };
		91B09B812E796A7200844B9D /* HabitPetTests.xctest */ = {isa = PBXFileReference; explicitFileType = wrapper.cfbundle; includeInIndex = 0; path = HabitPetTests.xctest; sourceTree = BUILT_PRODUCTS_DIR; };
		91B09B8B2E796A7200844B9D /* HabitPetUITests.xctest */ = {isa = PBXFileReference; explicitFileType = wrapper.cfbundle; includeInIndex = 0; path = HabitPetUITests.xctest; sourceTree = BUILT_PRODUCTS_DIR; };
/* End PBXFileReference section */

/* Begin PBXFileSystemSynchronizedRootGroup section */
		91B09B752E796A7100844B9D /* HabitPet */ = {
			isa = PBXFileSystemSynchronizedRootGroup;
			path = HabitPet;
			sourceTree = "<group>";
		};
		91B09B842E796A7200844B9D /* HabitPetTests */ = {
			isa = PBXFileSystemSynchronizedRootGroup;
			path = HabitPetTests;
			sourceTree = "<group>";
		};
		91B09B8E2E796A7200844B9D /* HabitPetUITests */ = {
			isa = PBXFileSystemSynchronizedRootGroup;
			path = HabitPetUITests;
			sourceTree = "<group>";
		};
/* End PBXFileSystemSynchronizedRootGroup section */

/* Begin PBXFrameworksBuildPhase section */
		91A60B562E7B5D9D00887127 /* Frameworks */ = {
			isa = PBXFrameworksBuildPhase;
			buildActionMask = 2147483647;
			files = (
			);
			runOnlyForDeploymentPostprocessing = 0;
		};
		91B09B702E796A7100844B9D /* Frameworks */ = {
			isa = PBXFrameworksBuildPhase;
			buildActionMask = 2147483647;
			files = (
				918338A02EA9CD3D00AF1A3B /* CalorieCameraKit in Frameworks */,
				91A60B442E7B474E00887127 /* Lottie in Frameworks */,
				918338A22EA9CD9000AF1A3B /* CalorieCameraKit in Frameworks */,
			);
			runOnlyForDeploymentPostprocessing = 0;
		};
		91B09B7E2E796A7200844B9D /* Frameworks */ = {
			isa = PBXFrameworksBuildPhase;
			buildActionMask = 2147483647;
			files = (
			);
			runOnlyForDeploymentPostprocessing = 0;
		};
		91B09B882E796A7200844B9D /* Frameworks */ = {
			isa = PBXFrameworksBuildPhase;
			buildActionMask = 2147483647;
			files = (
			);
			runOnlyForDeploymentPostprocessing = 0;
		};
/* End PBXFrameworksBuildPhase section */

/* Begin PBXGroup section */
		91B09B6A2E796A7100844B9D = {
			isa = PBXGroup;
			children = (
				91B09B752E796A7100844B9D /* HabitPet */,
				91B09B842E796A7200844B9D /* HabitPetTests */,
				91B09B8E2E796A7200844B9D /* HabitPetUITests */,
				91B09B742E796A7100844B9D /* Products */,
			);
			sourceTree = "<group>";
		};
		91B09B742E796A7100844B9D /* Products */ = {
			isa = PBXGroup;
			children = (
				91B09B732E796A7100844B9D /* HabitPet.app */,
				91B09B812E796A7200844B9D /* HabitPetTests.xctest */,
				91B09B8B2E796A7200844B9D /* HabitPetUITests.xctest */,
				91A60B592E7B5D9D00887127 /* HabitPet_V0.xctest */,
			);
			name = Products;
			sourceTree = "<group>";
		};
/* End PBXGroup section */

/* Begin PBXNativeTarget section */
		91A60B582E7B5D9D00887127 /* HabitPet_V0 */ = {
			isa = PBXNativeTarget;
			buildConfigurationList = 91A60B5F2E7B5D9D00887127 /* Build configuration list for PBXNativeTarget "HabitPet_V0" */;
			buildPhases = (
				91A60B552E7B5D9D00887127 /* Sources */,
				91A60B562E7B5D9D00887127 /* Frameworks */,
				91A60B572E7B5D9D00887127 /* Resources */,
			);
			buildRules = (
			);
			dependencies = (
				91A60B5E2E7B5D9D00887127 /* PBXTargetDependency */,
			);
			name = HabitPet_V0;
			packageProductDependencies = (
			);
			productName = HabitPet_V0;
			productReference = 91A60B592E7B5D9D00887127 /* HabitPet_V0.xctest */;
			productType = "com.apple.product-type.bundle.unit-test";
		};
		91B09B722E796A7100844B9D /* HabitPet */ = {
			isa = PBXNativeTarget;
			buildConfigurationList = 91B09B952E796A7200844B9D /* Build configuration list for PBXNativeTarget "HabitPet" */;
			buildPhases = (
				91B09B6F2E796A7100844B9D /* Sources */,
				91B09B702E796A7100844B9D /* Frameworks */,
				91B09B712E796A7100844B9D /* Resources */,
			);
			buildRules = (
			);
			dependencies = (
			);
			fileSystemSynchronizedGroups = (
				91B09B752E796A7100844B9D /* HabitPet */,
			);
			name = HabitPet;
			packageProductDependencies = (
				91A60B432E7B474E00887127 /* Lottie */,
				9183389F2EA9CD3D00AF1A3B /* CalorieCameraKit */,
				918338A12EA9CD9000AF1A3B /* CalorieCameraKit */,
			);
			productName = HabitPet;
			productReference = 91B09B732E796A7100844B9D /* HabitPet.app */;
			productType = "com.apple.product-type.application";
		};
		91B09B802E796A7200844B9D /* HabitPetTests */ = {
			isa = PBXNativeTarget;
			buildConfigurationList = 91B09B982E796A7200844B9D /* Build configuration list for PBXNativeTarget "HabitPetTests" */;
			buildPhases = (
				91B09B7D2E796A7200844B9D /* Sources */,
				91B09B7E2E796A7200844B9D /* Frameworks */,
				91B09B7F2E796A7200844B9D /* Resources */,
			);
			buildRules = (
			);
			dependencies = (
				91B09B832E796A7200844B9D /* PBXTargetDependency */,
			);
			fileSystemSynchronizedGroups = (
				91B09B842E796A7200844B9D /* HabitPetTests */,
			);
			name = HabitPetTests;
			packageProductDependencies = (
			);
			productName = HabitPetTests;
			productReference = 91B09B812E796A7200844B9D /* HabitPetTests.xctest */;
			productType = "com.apple.product-type.bundle.unit-test";
		};
		91B09B8A2E796A7200844B9D /* HabitPetUITests */ = {
			isa = PBXNativeTarget;
			buildConfigurationList = 91B09B9B2E796A7200844B9D /* Build configuration list for PBXNativeTarget "HabitPetUITests" */;
			buildPhases = (
				91B09B872E796A7200844B9D /* Sources */,
				91B09B882E796A7200844B9D /* Frameworks */,
				91B09B892E796A7200844B9D /* Resources */,
			);
			buildRules = (
			);
			dependencies = (
				91B09B8D2E796A7200844B9D /* PBXTargetDependency */,
			);
			fileSystemSynchronizedGroups = (
				91B09B8E2E796A7200844B9D /* HabitPetUITests */,
			);
			name = HabitPetUITests;
			packageProductDependencies = (
			);
			productName = HabitPetUITests;
			productReference = 91B09B8B2E796A7200844B9D /* HabitPetUITests.xctest */;
			productType = "com.apple.product-type.bundle.ui-testing";
		};
/* End PBXNativeTarget section */

/* Begin PBXProject section */
		91B09B6B2E796A7100844B9D /* Project object */ = {
			isa = PBXProject;
			attributes = {
				BuildIndependentTargetsInParallel = 1;
				LastSwiftUpdateCheck = 1640;
				LastUpgradeCheck = 1640;
				TargetAttributes = {
					91A60B582E7B5D9D00887127 = {
						CreatedOnToolsVersion = 16.4;
						TestTargetID = 91B09B722E796A7100844B9D;
					};
					91B09B722E796A7100844B9D = {
						CreatedOnToolsVersion = 16.4;
					};
					91B09B802E796A7200844B9D = {
						CreatedOnToolsVersion = 16.4;
						TestTargetID = 91B09B722E796A7100844B9D;
					};
					91B09B8A2E796A7200844B9D = {
						CreatedOnToolsVersion = 16.4;
						TestTargetID = 91B09B722E796A7100844B9D;
					};
				};
			};
			buildConfigurationList = 91B09B6E2E796A7100844B9D /* Build configuration list for PBXProject "HabitPet" */;
			developmentRegion = en;
			hasScannedForEncodings = 0;
			knownRegions = (
				en,
				Base,
			);
			mainGroup = 91B09B6A2E796A7100844B9D;
			minimizedProjectReferenceProxies = 1;
			packageReferences = (
				91A60B422E7B474E00887127 /* XCRemoteSwiftPackageReference "lottie-ios" */,
				9183389E2EA9CD3D00AF1A3B /* XCLocalSwiftPackageReference "../../../Downloads/CalorieCameraKit-v1.0.0" */,
			);
			preferredProjectObjectVersion = 77;
			productRefGroup = 91B09B742E796A7100844B9D /* Products */;
			projectDirPath = "";
			projectRoot = "";
			targets = (
				91B09B722E796A7100844B9D /* HabitPet */,
				91B09B802E796A7200844B9D /* HabitPetTests */,
				91B09B8A2E796A7200844B9D /* HabitPetUITests */,
				91A60B582E7B5D9D00887127 /* HabitPet_V0 */,
			);
		};
/* End PBXProject section */

/* Begin PBXResourcesBuildPhase section */
		91A60B572E7B5D9D00887127 /* Resources */ = {
			isa = PBXResourcesBuildPhase;
			buildActionMask = 2147483647;
			files = (
			);
			runOnlyForDeploymentPostprocessing = 0;
		};
		91B09B712E796A7100844B9D /* Resources */ = {
			isa = PBXResourcesBuildPhase;
			buildActionMask = 2147483647;
			files = (
			);
			runOnlyForDeploymentPostprocessing = 0;
		};
		91B09B7F2E796A7200844B9D /* Resources */ = {
			isa = PBXResourcesBuildPhase;
			buildActionMask = 2147483647;
			files = (
			);
			runOnlyForDeploymentPostprocessing = 0;
		};
		91B09B892E796A7200844B9D /* Resources */ = {
			isa = PBXResourcesBuildPhase;
			buildActionMask = 2147483647;
			files = (
			);
			runOnlyForDeploymentPostprocessing = 0;
		};
/* End PBXResourcesBuildPhase section */

/* Begin PBXSourcesBuildPhase section */
		91A60B552E7B5D9D00887127 /* Sources */ = {
			isa = PBXSourcesBuildPhase;
			buildActionMask = 2147483647;
			files = (
			);
			runOnlyForDeploymentPostprocessing = 0;
		};
		91B09B6F2E796A7100844B9D /* Sources */ = {
			isa = PBXSourcesBuildPhase;
			buildActionMask = 2147483647;
			files = (
			);
			runOnlyForDeploymentPostprocessing = 0;
		};
		91B09B7D2E796A7200844B9D /* Sources */ = {
			isa = PBXSourcesBuildPhase;
			buildActionMask = 2147483647;
			files = (
			);
			runOnlyForDeploymentPostprocessing = 0;
		};
		91B09B872E796A7200844B9D /* Sources */ = {
			isa = PBXSourcesBuildPhase;
			buildActionMask = 2147483647;
			files = (
			);
			runOnlyForDeploymentPostprocessing = 0;
		};
/* End PBXSourcesBuildPhase section */

/* Begin PBXTargetDependency section */
		91A60B5E2E7B5D9D00887127 /* PBXTargetDependency */ = {
			isa = PBXTargetDependency;
			target = 91B09B722E796A7100844B9D /* HabitPet */;
			targetProxy = 91A60B5D2E7B5D9D00887127 /* PBXContainerItemProxy */;
		};
		91B09B832E796A7200844B9D /* PBXTargetDependency */ = {
			isa = PBXTargetDependency;
			target = 91B09B722E796A7100844B9D /* HabitPet */;
			targetProxy = 91B09B822E796A7200844B9D /* PBXContainerItemProxy */;
		};
		91B09B8D2E796A7200844B9D /* PBXTargetDependency */ = {
			isa = PBXTargetDependency;
			target = 91B09B722E796A7100844B9D /* HabitPet */;
			targetProxy = 91B09B8C2E796A7200844B9D /* PBXContainerItemProxy */;
		};
/* End PBXTargetDependency section */

/* Begin XCBuildConfiguration section */
		91A60B602E7B5D9D00887127 /* Debug */ = {
			isa = XCBuildConfiguration;
			buildSettings = {
				BUNDLE_LOADER = "$(TEST_HOST)";
				CODE_SIGN_STYLE = Automatic;
				CURRENT_PROJECT_VERSION = 1;
				DEVELOPMENT_TEAM = R7YF553FYX;
				GENERATE_INFOPLIST_FILE = YES;
				IPHONEOS_DEPLOYMENT_TARGET = 18.5;
				MARKETING_VERSION = 1.0;
				PRODUCT_BUNDLE_IDENTIFIER = com.IYA.JaniceChung.HabitPet;
				PRODUCT_NAME = "$(TARGET_NAME)";
				SDKROOT = iphoneos;
				SWIFT_EMIT_LOC_STRINGS = NO;
				SWIFT_VERSION = 5.0;
				TARGETED_DEVICE_FAMILY = "1,2";
				TEST_HOST = "$(BUILT_PRODUCTS_DIR)/HabitPet.app/$(BUNDLE_EXECUTABLE_FOLDER_PATH)/HabitPet";
			};
			name = Debug;
		};
		91A60B612E7B5D9D00887127 /* Release */ = {
			isa = XCBuildConfiguration;
			buildSettings = {
				BUNDLE_LOADER = "$(TEST_HOST)";
				CODE_SIGN_STYLE = Automatic;
				CURRENT_PROJECT_VERSION = 1;
				DEVELOPMENT_TEAM = R7YF553FYX;
				GENERATE_INFOPLIST_FILE = YES;
				IPHONEOS_DEPLOYMENT_TARGET = 18.5;
				MARKETING_VERSION = 1.0;
				PRODUCT_BUNDLE_IDENTIFIER = com.IYA.JaniceChung.HabitPet;
				PRODUCT_NAME = "$(TARGET_NAME)";
				SDKROOT = iphoneos;
				SWIFT_EMIT_LOC_STRINGS = NO;
				SWIFT_VERSION = 5.0;
				TARGETED_DEVICE_FAMILY = "1,2";
				TEST_HOST = "$(BUILT_PRODUCTS_DIR)/HabitPet.app/$(BUNDLE_EXECUTABLE_FOLDER_PATH)/HabitPet";
				VALIDATE_PRODUCT = YES;
			};
			name = Release;
		};
		91B09B932E796A7200844B9D /* Debug */ = {
			isa = XCBuildConfiguration;
			buildSettings = {
				ALWAYS_SEARCH_USER_PATHS = NO;
				ASSETCATALOG_COMPILER_GENERATE_SWIFT_ASSET_SYMBOL_EXTENSIONS = YES;
				CLANG_ANALYZER_NONNULL = YES;
				CLANG_ANALYZER_NUMBER_OBJECT_CONVERSION = YES_AGGRESSIVE;
				CLANG_CXX_LANGUAGE_STANDARD = "gnu++20";
				CLANG_ENABLE_MODULES = YES;
				CLANG_ENABLE_OBJC_ARC = YES;
				CLANG_ENABLE_OBJC_WEAK = YES;
				CLANG_WARN_BLOCK_CAPTURE_AUTORELEASING = YES;
				CLANG_WARN_BOOL_CONVERSION = YES;
				CLANG_WARN_COMMA = YES;
				CLANG_WARN_CONSTANT_CONVERSION = YES;
				CLANG_WARN_DEPRECATED_OBJC_IMPLEMENTATIONS = YES;
				CLANG_WARN_DIRECT_OBJC_ISA_USAGE = YES_ERROR;
				CLANG_WARN_DOCUMENTATION_COMMENTS = YES;
				CLANG_WARN_EMPTY_BODY = YES;
				CLANG_WARN_ENUM_CONVERSION = YES;
				CLANG_WARN_INFINITE_RECURSION = YES;
				CLANG_WARN_INT_CONVERSION = YES;
				CLANG_WARN_NON_LITERAL_NULL_CONVERSION = YES;
				CLANG_WARN_OBJC_IMPLICIT_RETAIN_SELF = YES;
				CLANG_WARN_OBJC_LITERAL_CONVERSION = YES;
				CLANG_WARN_OBJC_ROOT_CLASS = YES_ERROR;
				CLANG_WARN_QUOTED_INCLUDE_IN_FRAMEWORK_HEADER = YES;
				CLANG_WARN_RANGE_LOOP_ANALYSIS = YES;
				CLANG_WARN_STRICT_PROTOTYPES = YES;
				CLANG_WARN_SUSPICIOUS_MOVE = YES;
				CLANG_WARN_UNGUARDED_AVAILABILITY = YES_AGGRESSIVE;
				CLANG_WARN_UNREACHABLE_CODE = YES;
				CLANG_WARN__DUPLICATE_METHOD_MATCH = YES;
				COPY_PHASE_STRIP = NO;
				DEBUG_INFORMATION_FORMAT = dwarf;
				DEVELOPMENT_TEAM = R7YF553FYX;
				ENABLE_STRICT_OBJC_MSGSEND = YES;
				ENABLE_TESTABILITY = YES;
				ENABLE_USER_SCRIPT_SANDBOXING = YES;
				GCC_C_LANGUAGE_STANDARD = gnu17;
				GCC_DYNAMIC_NO_PIC = NO;
				GCC_NO_COMMON_BLOCKS = YES;
				GCC_OPTIMIZATION_LEVEL = 0;
				GCC_PREPROCESSOR_DEFINITIONS = (
					"DEBUG=1",
					"$(inherited)",
				);
				GCC_WARN_64_TO_32_BIT_CONVERSION = YES;
				GCC_WARN_ABOUT_RETURN_TYPE = YES_ERROR;
				GCC_WARN_UNDECLARED_SELECTOR = YES;
				GCC_WARN_UNINITIALIZED_AUTOS = YES_AGGRESSIVE;
				GCC_WARN_UNUSED_FUNCTION = YES;
				GCC_WARN_UNUSED_VARIABLE = YES;
				LOCALIZATION_PREFERS_STRING_CATALOGS = YES;
				MTL_ENABLE_DEBUG_INFO = INCLUDE_SOURCE;
				MTL_FAST_MATH = YES;
				ONLY_ACTIVE_ARCH = YES;
				SWIFT_ACTIVE_COMPILATION_CONDITIONS = "DEBUG $(inherited)";
				SWIFT_OPTIMIZATION_LEVEL = "-Onone";
			};
			name = Debug;
		};
		91B09B942E796A7200844B9D /* Release */ = {
			isa = XCBuildConfiguration;
			buildSettings = {
				ALWAYS_SEARCH_USER_PATHS = NO;
				ASSETCATALOG_COMPILER_GENERATE_SWIFT_ASSET_SYMBOL_EXTENSIONS = YES;
				CLANG_ANALYZER_NONNULL = YES;
				CLANG_ANALYZER_NUMBER_OBJECT_CONVERSION = YES_AGGRESSIVE;
				CLANG_CXX_LANGUAGE_STANDARD = "gnu++20";
				CLANG_ENABLE_MODULES = YES;
				CLANG_ENABLE_OBJC_ARC = YES;
				CLANG_ENABLE_OBJC_WEAK = YES;
				CLANG_WARN_BLOCK_CAPTURE_AUTORELEASING = YES;
				CLANG_WARN_BOOL_CONVERSION = YES;
				CLANG_WARN_COMMA = YES;
				CLANG_WARN_CONSTANT_CONVERSION = YES;
				CLANG_WARN_DEPRECATED_OBJC_IMPLEMENTATIONS = YES;
				CLANG_WARN_DIRECT_OBJC_ISA_USAGE = YES_ERROR;
				CLANG_WARN_DOCUMENTATION_COMMENTS = YES;
				CLANG_WARN_EMPTY_BODY = YES;
				CLANG_WARN_ENUM_CONVERSION = YES;
				CLANG_WARN_INFINITE_RECURSION = YES;
				CLANG_WARN_INT_CONVERSION = YES;
				CLANG_WARN_NON_LITERAL_NULL_CONVERSION = YES;
				CLANG_WARN_OBJC_IMPLICIT_RETAIN_SELF = YES;
				CLANG_WARN_OBJC_LITERAL_CONVERSION = YES;
				CLANG_WARN_OBJC_ROOT_CLASS = YES_ERROR;
				CLANG_WARN_QUOTED_INCLUDE_IN_FRAMEWORK_HEADER = YES;
				CLANG_WARN_RANGE_LOOP_ANALYSIS = YES;
				CLANG_WARN_STRICT_PROTOTYPES = YES;
				CLANG_WARN_SUSPICIOUS_MOVE = YES;
				CLANG_WARN_UNGUARDED_AVAILABILITY = YES_AGGRESSIVE;
				CLANG_WARN_UNREACHABLE_CODE = YES;
				CLANG_WARN__DUPLICATE_METHOD_MATCH = YES;
				COPY_PHASE_STRIP = NO;
				DEBUG_INFORMATION_FORMAT = "dwarf-with-dsym";
				DEVELOPMENT_TEAM = R7YF553FYX;
				ENABLE_NS_ASSERTIONS = NO;
				ENABLE_STRICT_OBJC_MSGSEND = YES;
				ENABLE_USER_SCRIPT_SANDBOXING = YES;
				GCC_C_LANGUAGE_STANDARD = gnu17;
				GCC_NO_COMMON_BLOCKS = YES;
				GCC_WARN_64_TO_32_BIT_CONVERSION = YES;
				GCC_WARN_ABOUT_RETURN_TYPE = YES_ERROR;
				GCC_WARN_UNDECLARED_SELECTOR = YES;
				GCC_WARN_UNINITIALIZED_AUTOS = YES_AGGRESSIVE;
				GCC_WARN_UNUSED_FUNCTION = YES;
				GCC_WARN_UNUSED_VARIABLE = YES;
				LOCALIZATION_PREFERS_STRING_CATALOGS = YES;
				MTL_ENABLE_DEBUG_INFO = NO;
				MTL_FAST_MATH = YES;
				SWIFT_COMPILATION_MODE = wholemodule;
			};
			name = Release;
		};
		91B09B962E796A7200844B9D /* Debug */ = {
			isa = XCBuildConfiguration;
			buildSettings = {
				ASSETCATALOG_COMPILER_APPICON_NAME = AppIcon;
				ASSETCATALOG_COMPILER_GLOBAL_ACCENT_COLOR_NAME = AccentColor;
				CODE_SIGN_ENTITLEMENTS = HabitPet/HabitPet.entitlements;
				CODE_SIGN_STYLE = Automatic;
				CURRENT_PROJECT_VERSION = 1;
				DEVELOPMENT_TEAM = R7YF553FYX;
				ENABLE_HARDENED_RUNTIME = YES;
				ENABLE_PREVIEWS = YES;
				GENERATE_INFOPLIST_FILE = YES;
				INFOPLIST_KEY_NSCameraUsageDescription = "We need camera access to capture food photos for calorie estimation";
				INFOPLIST_KEY_NSPhotoLibraryUsageDescription = "We need photo library access to select food photos for calorie estimation";
				"INFOPLIST_KEY_UIApplicationSceneManifest_Generation[sdk=iphoneos*]" = YES;
				"INFOPLIST_KEY_UIApplicationSceneManifest_Generation[sdk=iphonesimulator*]" = YES;
				"INFOPLIST_KEY_UIApplicationSupportsIndirectInputEvents[sdk=iphoneos*]" = YES;
				"INFOPLIST_KEY_UIApplicationSupportsIndirectInputEvents[sdk=iphonesimulator*]" = YES;
				"INFOPLIST_KEY_UILaunchScreen_Generation[sdk=iphoneos*]" = YES;
				"INFOPLIST_KEY_UILaunchScreen_Generation[sdk=iphonesimulator*]" = YES;
				"INFOPLIST_KEY_UIStatusBarStyle[sdk=iphoneos*]" = UIStatusBarStyleDefault;
				"INFOPLIST_KEY_UIStatusBarStyle[sdk=iphonesimulator*]" = UIStatusBarStyleDefault;
				INFOPLIST_KEY_UISupportedInterfaceOrientations_iPad = "UIInterfaceOrientationPortrait UIInterfaceOrientationPortraitUpsideDown UIInterfaceOrientationLandscapeLeft UIInterfaceOrientationLandscapeRight";
				INFOPLIST_KEY_UISupportedInterfaceOrientations_iPhone = "UIInterfaceOrientationPortrait UIInterfaceOrientationLandscapeLeft UIInterfaceOrientationLandscapeRight";
				IPHONEOS_DEPLOYMENT_TARGET = 18.5;
				LD_RUNPATH_SEARCH_PATHS = "@executable_path/Frameworks";
				"LD_RUNPATH_SEARCH_PATHS[sdk=macosx*]" = "@executable_path/../Frameworks";
				MACOSX_DEPLOYMENT_TARGET = 15.5;
				MARKETING_VERSION = 1.0;
				PRODUCT_BUNDLE_IDENTIFIER = com.IYA.JaniceChung.HabitPet;
				PRODUCT_NAME = "$(TARGET_NAME)";
				REGISTER_APP_GROUPS = YES;
				SDKROOT = auto;
				SUPPORTED_PLATFORMS = "iphoneos iphonesimulator macosx xros xrsimulator";
				SWIFT_EMIT_LOC_STRINGS = YES;
				SWIFT_VERSION = 5.0;
				TARGETED_DEVICE_FAMILY = "1,2,7";
				XROS_DEPLOYMENT_TARGET = 2.5;
			};
			name = Debug;
		};
		91B09B972E796A7200844B9D /* Release */ = {
			isa = XCBuildConfiguration;
			buildSettings = {
				ASSETCATALOG_COMPILER_APPICON_NAME = AppIcon;
				ASSETCATALOG_COMPILER_GLOBAL_ACCENT_COLOR_NAME = AccentColor;
				CODE_SIGN_ENTITLEMENTS = HabitPet/HabitPet.entitlements;
				CODE_SIGN_STYLE = Automatic;
				CURRENT_PROJECT_VERSION = 1;
				DEVELOPMENT_TEAM = R7YF553FYX;
				ENABLE_HARDENED_RUNTIME = YES;
				ENABLE_PREVIEWS = YES;
				GENERATE_INFOPLIST_FILE = YES;
				INFOPLIST_KEY_NSCameraUsageDescription = "We need camera access to capture food photos for calorie estimation";
				INFOPLIST_KEY_NSPhotoLibraryUsageDescription = "We need photo library access to select food photos for calorie estimation";
				"INFOPLIST_KEY_UIApplicationSceneManifest_Generation[sdk=iphoneos*]" = YES;
				"INFOPLIST_KEY_UIApplicationSceneManifest_Generation[sdk=iphonesimulator*]" = YES;
				"INFOPLIST_KEY_UIApplicationSupportsIndirectInputEvents[sdk=iphoneos*]" = YES;
				"INFOPLIST_KEY_UIApplicationSupportsIndirectInputEvents[sdk=iphonesimulator*]" = YES;
				"INFOPLIST_KEY_UILaunchScreen_Generation[sdk=iphoneos*]" = YES;
				"INFOPLIST_KEY_UILaunchScreen_Generation[sdk=iphonesimulator*]" = YES;
				"INFOPLIST_KEY_UIStatusBarStyle[sdk=iphoneos*]" = UIStatusBarStyleDefault;
				"INFOPLIST_KEY_UIStatusBarStyle[sdk=iphonesimulator*]" = UIStatusBarStyleDefault;
				INFOPLIST_KEY_UISupportedInterfaceOrientations_iPad = "UIInterfaceOrientationPortrait UIInterfaceOrientationPortraitUpsideDown UIInterfaceOrientationLandscapeLeft UIInterfaceOrientationLandscapeRight";
				INFOPLIST_KEY_UISupportedInterfaceOrientations_iPhone = "UIInterfaceOrientationPortrait UIInterfaceOrientationLandscapeLeft UIInterfaceOrientationLandscapeRight";
				IPHONEOS_DEPLOYMENT_TARGET = 18.5;
				LD_RUNPATH_SEARCH_PATHS = "@executable_path/Frameworks";
				"LD_RUNPATH_SEARCH_PATHS[sdk=macosx*]" = "@executable_path/../Frameworks";
				MACOSX_DEPLOYMENT_TARGET = 15.5;
				MARKETING_VERSION = 1.0;
				PRODUCT_BUNDLE_IDENTIFIER = com.IYA.JaniceChung.HabitPet;
				PRODUCT_NAME = "$(TARGET_NAME)";
				REGISTER_APP_GROUPS = YES;
				SDKROOT = auto;
				SUPPORTED_PLATFORMS = "iphoneos iphonesimulator macosx xros xrsimulator";
				SWIFT_EMIT_LOC_STRINGS = YES;
				SWIFT_VERSION = 5.0;
				TARGETED_DEVICE_FAMILY = "1,2,7";
				XROS_DEPLOYMENT_TARGET = 2.5;
			};
			name = Release;
		};
		91B09B992E796A7200844B9D /* Debug */ = {
			isa = XCBuildConfiguration;
			buildSettings = {
				BUNDLE_LOADER = "$(TEST_HOST)";
				CODE_SIGN_STYLE = Automatic;
				CURRENT_PROJECT_VERSION = 1;
				DEVELOPMENT_TEAM = R7YF553FYX;
				GENERATE_INFOPLIST_FILE = YES;
				IPHONEOS_DEPLOYMENT_TARGET = 18.5;
				MACOSX_DEPLOYMENT_TARGET = 15.5;
				MARKETING_VERSION = 1.0;
				PRODUCT_BUNDLE_IDENTIFIER = com.IYA.JaniceChung.HabitPetTests;
				PRODUCT_NAME = "$(TARGET_NAME)";
				SDKROOT = auto;
				SUPPORTED_PLATFORMS = "iphoneos iphonesimulator macosx xros xrsimulator";
				SWIFT_EMIT_LOC_STRINGS = NO;
				SWIFT_VERSION = 5.0;
				TARGETED_DEVICE_FAMILY = "1,2,7";
				TEST_HOST = "$(BUILT_PRODUCTS_DIR)/HabitPet.app/$(BUNDLE_EXECUTABLE_FOLDER_PATH)/HabitPet";
				XROS_DEPLOYMENT_TARGET = 2.5;
			};
			name = Debug;
		};
		91B09B9A2E796A7200844B9D /* Release */ = {
			isa = XCBuildConfiguration;
			buildSettings = {
				BUNDLE_LOADER = "$(TEST_HOST)";
				CODE_SIGN_STYLE = Automatic;
				CURRENT_PROJECT_VERSION = 1;
				DEVELOPMENT_TEAM = R7YF553FYX;
				GENERATE_INFOPLIST_FILE = YES;
				IPHONEOS_DEPLOYMENT_TARGET = 18.5;
				MACOSX_DEPLOYMENT_TARGET = 15.5;
				MARKETING_VERSION = 1.0;
				PRODUCT_BUNDLE_IDENTIFIER = com.IYA.JaniceChung.HabitPetTests;
				PRODUCT_NAME = "$(TARGET_NAME)";
				SDKROOT = auto;
				SUPPORTED_PLATFORMS = "iphoneos iphonesimulator macosx xros xrsimulator";
				SWIFT_EMIT_LOC_STRINGS = NO;
				SWIFT_VERSION = 5.0;
				TARGETED_DEVICE_FAMILY = "1,2,7";
				TEST_HOST = "$(BUILT_PRODUCTS_DIR)/HabitPet.app/$(BUNDLE_EXECUTABLE_FOLDER_PATH)/HabitPet";
				XROS_DEPLOYMENT_TARGET = 2.5;
			};
			name = Release;
		};
		91B09B9C2E796A7200844B9D /* Debug */ = {
			isa = XCBuildConfiguration;
			buildSettings = {
				CODE_SIGN_STYLE = Automatic;
				CURRENT_PROJECT_VERSION = 1;
				DEVELOPMENT_TEAM = R7YF553FYX;
				GENERATE_INFOPLIST_FILE = YES;
				IPHONEOS_DEPLOYMENT_TARGET = 18.5;
				MACOSX_DEPLOYMENT_TARGET = 15.5;
				MARKETING_VERSION = 1.0;
				PRODUCT_BUNDLE_IDENTIFIER = com.IYA.JaniceChung.HabitPetUITests;
				PRODUCT_NAME = "$(TARGET_NAME)";
				SDKROOT = auto;
				SUPPORTED_PLATFORMS = "iphoneos iphonesimulator macosx xros xrsimulator";
				SWIFT_EMIT_LOC_STRINGS = NO;
				SWIFT_VERSION = 5.0;
				TARGETED_DEVICE_FAMILY = "1,2,7";
				TEST_TARGET_NAME = HabitPet;
				XROS_DEPLOYMENT_TARGET = 2.5;
			};
			name = Debug;
		};
		91B09B9D2E796A7200844B9D /* Release */ = {
			isa = XCBuildConfiguration;
			buildSettings = {
				CODE_SIGN_STYLE = Automatic;
				CURRENT_PROJECT_VERSION = 1;
				DEVELOPMENT_TEAM = R7YF553FYX;
				GENERATE_INFOPLIST_FILE = YES;
				IPHONEOS_DEPLOYMENT_TARGET = 18.5;
				MACOSX_DEPLOYMENT_TARGET = 15.5;
				MARKETING_VERSION = 1.0;
				PRODUCT_BUNDLE_IDENTIFIER = com.IYA.JaniceChung.HabitPetUITests;
				PRODUCT_NAME = "$(TARGET_NAME)";
				SDKROOT = auto;
				SUPPORTED_PLATFORMS = "iphoneos iphonesimulator macosx xros xrsimulator";
				SWIFT_EMIT_LOC_STRINGS = NO;
				SWIFT_VERSION = 5.0;
				TARGETED_DEVICE_FAMILY = "1,2,7";
				TEST_TARGET_NAME = HabitPet;
				XROS_DEPLOYMENT_TARGET = 2.5;
			};
			name = Release;
		};
/* End XCBuildConfiguration section */

/* Begin XCConfigurationList section */
		91A60B5F2E7B5D9D00887127 /* Build configuration list for PBXNativeTarget "HabitPet_V0" */ = {
			isa = XCConfigurationList;
			buildConfigurations = (
				91A60B602E7B5D9D00887127 /* Debug */,
				91A60B612E7B5D9D00887127 /* Release */,
			);
			defaultConfigurationIsVisible = 0;
			defaultConfigurationName = Release;
		};
		91B09B6E2E796A7100844B9D /* Build configuration list for PBXProject "HabitPet" */ = {
			isa = XCConfigurationList;
			buildConfigurations = (
				91B09B932E796A7200844B9D /* Debug */,
				91B09B942E796A7200844B9D /* Release */,
			);
			defaultConfigurationIsVisible = 0;
			defaultConfigurationName = Release;
		};
		91B09B952E796A7200844B9D /* Build configuration list for PBXNativeTarget "HabitPet" */ = {
			isa = XCConfigurationList;
			buildConfigurations = (
				91B09B962E796A7200844B9D /* Debug */,
				91B09B972E796A7200844B9D /* Release */,
			);
			defaultConfigurationIsVisible = 0;
			defaultConfigurationName = Release;
		};
		91B09B982E796A7200844B9D /* Build configuration list for PBXNativeTarget "HabitPetTests" */ = {
			isa = XCConfigurationList;
			buildConfigurations = (
				91B09B992E796A7200844B9D /* Debug */,
				91B09B9A2E796A7200844B9D /* Release */,
			);
			defaultConfigurationIsVisible = 0;
			defaultConfigurationName = Release;
		};
		91B09B9B2E796A7200844B9D /* Build configuration list for PBXNativeTarget "HabitPetUITests" */ = {
			isa = XCConfigurationList;
			buildConfigurations = (
				91B09B9C2E796A7200844B9D /* Debug */,
				91B09B9D2E796A7200844B9D /* Release */,
			);
			defaultConfigurationIsVisible = 0;
			defaultConfigurationName = Release;
		};
/* End XCConfigurationList section */

/* Begin XCLocalSwiftPackageReference section */
		9183389E2EA9CD3D00AF1A3B /* XCLocalSwiftPackageReference "../../../Downloads/CalorieCameraKit-v1.0.0" */ = {
			isa = XCLocalSwiftPackageReference;
			relativePath = "../../../Downloads/CalorieCameraKit-v1.0.0";
		};
/* End XCLocalSwiftPackageReference section */

/* Begin XCRemoteSwiftPackageReference section */
		91A60B422E7B474E00887127 /* XCRemoteSwiftPackageReference "lottie-ios" */ = {
			isa = XCRemoteSwiftPackageReference;
			repositoryURL = "https://github.com/airbnb/lottie-ios.git";
			requirement = {
				kind = upToNextMajorVersion;
				minimumVersion = 4.5.2;
			};
		};
/* End XCRemoteSwiftPackageReference section */

/* Begin XCSwiftPackageProductDependency section */
		9183389F2EA9CD3D00AF1A3B /* CalorieCameraKit */ = {
			isa = XCSwiftPackageProductDependency;
			productName = CalorieCameraKit;
		};
		918338A12EA9CD9000AF1A3B /* CalorieCameraKit */ = {
			isa = XCSwiftPackageProductDependency;
			productName = CalorieCameraKit;
		};
		91A60B432E7B474E00887127 /* Lottie */ = {
			isa = XCSwiftPackageProductDependency;
			package = 91A60B422E7B474E00887127 /* XCRemoteSwiftPackageReference "lottie-ios" */;
			productName = Lottie;
		};
/* End XCSwiftPackageProductDependency section */
	};
	rootObject = 91B09B6B2E796A7100844B9D /* Project object */;
}
